{
  "name": "shades-worker",
  "version": "0.1.0",
  "lockfileVersion": 1,
  "dependencies": {
    "balanced-match": {
      "version": "0.4.2",
      "resolved": "https://artifacts.netflix.com/api/npm/npm-netflix/balanced-match/-/balanced-match-0.4.2.tgz",
      "integrity": "sha1-yz8+PHMtwPAe5wtAPzAuYddwmDg=",
      "optional": true
    },
    "brace-expansion": {
      "version": "1.1.7",
      "resolved": "https://artifacts.netflix.com/api/npm/npm-netflix/brace-expansion/-/brace-expansion-1.1.7.tgz",
      "integrity": "sha1-Pv/DxQ4ABTH7cg6v+A8K6O8jz1k=",
      "optional": true
    },
    "bunyan": {
      "version": "1.8.10",
      "resolved": "https://artifacts.netflix.com/api/npm/npm-netflix/bunyan/-/bunyan-1.8.10.tgz",
      "integrity": "sha1-IB/t0mxwgLYy9BYHL1OpC5pSmBw="
    },
    "concat-map": {
      "version": "0.0.1",
      "resolved": "https://artifacts.netflix.com/api/npm/npm-netflix/concat-map/-/concat-map-0.0.1.tgz",
      "integrity": "sha1-2Klr13/Wjfd5OnMDajug1UBdR3s=",
      "optional": true
    },
    "dtrace-provider": {
      "version": "0.8.2",
      "resolved": "https://artifacts.netflix.com/api/npm/npm-netflix/dtrace-provider/-/dtrace-provider-0.8.2.tgz",
      "integrity": "sha1-8GfCdz8V2hth6yDbyWqhyrszMLw=",
      "optional": true
    },
    "glob": {
      "version": "6.0.4",
      "resolved": "https://artifacts.netflix.com/api/npm/npm-netflix/glob/-/glob-6.0.4.tgz",
      "integrity": "sha1-DwiGD2oVUSey+t1PnOJLGqtuTSI=",
      "optional": true
    },
    "inflight": {
      "version": "1.0.6",
      "resolved": "https://artifacts.netflix.com/api/npm/npm-netflix/inflight/-/inflight-1.0.6.tgz",
      "integrity": "sha1-Sb1jMdfQLQwJvJEKEHW6gWW1bfk=",
      "optional": true
    },
    "inherits": {
      "version": "2.0.3",
      "resolved": "https://artifacts.netflix.com/api/npm/npm-netflix/inherits/-/inherits-2.0.3.tgz",
      "integrity": "sha1-Yzwsg+PaQqUC9SRmAiSA9CCCYd4=",
      "optional": true
    },
    "minimatch": {
      "version": "3.0.4",
      "resolved": "https://artifacts.netflix.com/api/npm/npm-netflix/minimatch/-/minimatch-3.0.4.tgz",
      "integrity": "sha1-UWbihkV/AzBgZL5Ul+jbsMPTIIM=",
      "optional": true
    },
    "minimist": {
      "version": "1.2.0",
      "resolved": "https://artifacts.netflix.com/api/npm/npm-netflix/minimist/-/minimist-1.2.0.tgz",
      "integrity": "sha1-o1AIsg9BOD7sH7kU9M1d95omQoQ="
    },
    "mkdirp": {
      "version": "0.5.1",
      "resolved": "https://artifacts.netflix.com/api/npm/npm-netflix/mkdirp/-/mkdirp-0.5.1.tgz",
      "integrity": "sha1-MAV0OOrGz3+MR2fzhkjWaX11yQM=",
      "optional": true,
      "dependencies": {
        "minimist": {
          "version": "0.0.8",
          "resolved": "https://artifacts.netflix.com/api/npm/npm-netflix/minimist/-/minimist-0.0.8.tgz",
          "integrity": "sha1-hX/Kv8M5fSYluCKCYuhqp6ARsF0=",
          "optional": true
        }
      }
    },
    "moment": {
      "version": "2.18.1",
      "resolved": "https://artifacts.netflix.com/api/npm/npm-netflix/moment/-/moment-2.18.1.tgz",
      "integrity": "sha1-w2GT3Tzhwu7SrbfIAtu8d6gbHA8=",
      "optional": true
    },
    "mv": {
      "version": "2.1.1",
      "resolved": "https://artifacts.netflix.com/api/npm/npm-netflix/mv/-/mv-2.1.1.tgz",
      "integrity": "sha1-rmzg1vbV4KT32JN5jQPB6pVZtqI=",
      "optional": true
    },
    "nan": {
      "version": "2.6.2",
      "resolved": "https://artifacts.netflix.com/api/npm/npm-netflix/nan/-/nan-2.6.2.tgz",
      "integrity": "sha1-5P805slf37WuzAjeZZb0NgWn20U=",
      "optional": true
    },
    "ncp": {
      "version": "2.0.0",
      "resolved": "https://artifacts.netflix.com/api/npm/npm-netflix/ncp/-/ncp-2.0.0.tgz",
      "integrity": "sha1-GVoh1sRuNh0vsSgbo4uR6d9727M=",
      "optional": true
    },
    "once": {
      "version": "1.4.0",
      "resolved": "https://artifacts.netflix.com/api/npm/npm-netflix/once/-/once-1.4.0.tgz",
      "integrity": "sha1-WDsap3WWHUsROsF9nFC6753Xa9E="
    },
    "path-is-absolute": {
      "version": "1.0.1",
      "resolved": "https://artifacts.netflix.com/api/npm/npm-netflix/path-is-absolute/-/path-is-absolute-1.0.1.tgz",
      "integrity": "sha1-F0uSaHNVNP+8es5r9TpanhtcX18=",
      "optional": true
    },
    "rimraf": {
      "version": "2.4.5",
      "resolved": "https://artifacts.netflix.com/api/npm/npm-netflix/rimraf/-/rimraf-2.4.5.tgz",
      "integrity": "sha1-7nEM5dk6j9uFb7Xqj/Di11k0sto=",
      "optional": true
    },
    "safe-json-stringify": {
      "version": "1.0.4",
      "resolved": "https://artifacts.netflix.com/api/npm/npm-netflix/safe-json-stringify/-/safe-json-stringify-1.0.4.tgz",
      "integrity": "sha1-gaCY9Efku8P/MxKiQ1IbwGDvWRE=",
      "optional": true
    },
    "wrappy": {
      "version": "1.0.2",
      "resolved": "https://artifacts.netflix.com/api/npm/npm-netflix/wrappy/-/wrappy-1.0.2.tgz",
      "integrity": "sha1-tSQ9jz7BqjXxNkYFvA0QNuMKtp8="
    }
  }
}
